// !$*UTF8*$!
{
	archiveVersion = 1;
	classes = {
	};
	objectVersion = 46;
	objects = {

/* Begin PBXBuildFile section */
		9635E15818998BD800C23BD1 /* iphone-sources.js in Resources */ = {isa = PBXBuildFile; fileRef = 9635E15718998BD800C23BD1 /* iphone-sources.js */; };
		963FD43618B10F9D0042E67B /* share-gradient.png in Resources */ = {isa = PBXBuildFile; fileRef = 963FD43418B10F9D0042E67B /* share-gradient.png */; };
		963FD43718B10F9D0042E67B /* check-checked-32.png in Resources */ = {isa = PBXBuildFile; fileRef = 963FD43518B10F9D0042E67B /* check-checked-32.png */; };
		963FD43918B119020042E67B /* check-24.png in Resources */ = {isa = PBXBuildFile; fileRef = 963FD43818B119020042E67B /* check-24.png */; };
		9666BD0B18999EEB003C1AB4 /* amine.jpg in Resources */ = {isa = PBXBuildFile; fileRef = 9666BD0918999EEB003C1AB4 /* amine.jpg */; };
		9666BD0C18999EEB003C1AB4 /* marcello.jpg in Resources */ = {isa = PBXBuildFile; fileRef = 9666BD0A18999EEB003C1AB4 /* marcello.jpg */; };
		9666BD101899CB46003C1AB4 /* andreas.jpg in Resources */ = {isa = PBXBuildFile; fileRef = 9666BD0E1899CB46003C1AB4 /* andreas.jpg */; };
		9666BD111899CB46003C1AB4 /* veronica.jpg in Resources */ = {isa = PBXBuildFile; fileRef = 9666BD0F1899CB46003C1AB4 /* veronica.jpg */; };
		96B7C72B189993AA00A17C6C /* iphone-main.html in Resources */ = {isa = PBXBuildFile; fileRef = 96B7C72A189993AA00A17C6C /* iphone-main.html */; };
		96C3DB00189579340090B7C1 /* IMG_0333.jpg in Resources */ = {isa = PBXBuildFile; fileRef = 96C3DADB189579330090B7C1 /* IMG_0333.jpg */; };
		96C3DB01189579340090B7C1 /* IMG_0334.jpg in Resources */ = {isa = PBXBuildFile; fileRef = 96C3DADC189579330090B7C1 /* IMG_0334.jpg */; };
		96C3DB02189579340090B7C1 /* IMG_0338.jpg in Resources */ = {isa = PBXBuildFile; fileRef = 96C3DADD189579330090B7C1 /* IMG_0338.jpg */; };
		96C3DB03189579340090B7C1 /* IMG_0339.jpg in Resources */ = {isa = PBXBuildFile; fileRef = 96C3DADE189579330090B7C1 /* IMG_0339.jpg */; };
		96C3DB04189579340090B7C1 /* IMG_0342.jpg in Resources */ = {isa = PBXBuildFile; fileRef = 96C3DADF189579330090B7C1 /* IMG_0342.jpg */; };
		96C3DB05189579340090B7C1 /* IMG_0344.jpg in Resources */ = {isa = PBXBuildFile; fileRef = 96C3DAE0189579330090B7C1 /* IMG_0344.jpg */; };
		96C3DB06189579340090B7C1 /* IMG_0277.jpg in Resources */ = {isa = PBXBuildFile; fileRef = 96C3DAE1189579330090B7C1 /* IMG_0277.jpg */; };
		96C3DB07189579340090B7C1 /* IMG_0281.jpg in Resources */ = {isa = PBXBuildFile; fileRef = 96C3DAE2189579330090B7C1 /* IMG_0281.jpg */; };
		96C3DB08189579340090B7C1 /* IMG_0291.jpg in Resources */ = {isa = PBXBuildFile; fileRef = 96C3DAE3189579330090B7C1 /* IMG_0291.jpg */; };
		96C3DB09189579340090B7C1 /* IMG_0301.jpg in Resources */ = {isa = PBXBuildFile; fileRef = 96C3DAE4189579330090B7C1 /* IMG_0301.jpg */; };
		96C3DB0A189579340090B7C1 /* IMG_0314.jpg in Resources */ = {isa = PBXBuildFile; fileRef = 96C3DAE5189579330090B7C1 /* IMG_0314.jpg */; };
		96C3DB0B189579340090B7C1 /* IMG_0330.jpg in Resources */ = {isa = PBXBuildFile; fileRef = 96C3DAE6189579330090B7C1 /* IMG_0330.jpg */; };
		96C3DB0C189579340090B7C1 /* IMG_0268.jpg in Resources */ = {isa = PBXBuildFile; fileRef = 96C3DAE7189579330090B7C1 /* IMG_0268.jpg */; };
		96C3DB0D189579340090B7C1 /* IMG_0269.jpg in Resources */ = {isa = PBXBuildFile; fileRef = 96C3DAE8189579330090B7C1 /* IMG_0269.jpg */; };
		96C3DB0E189579340090B7C1 /* IMG_0271.jpg in Resources */ = {isa = PBXBuildFile; fileRef = 96C3DAE9189579330090B7C1 /* IMG_0271.jpg */; };
		96C3DB0F189579340090B7C1 /* IMG_0272.jpg in Resources */ = {isa = PBXBuildFile; fileRef = 96C3DAEA189579330090B7C1 /* IMG_0272.jpg */; };
		96C3DB10189579340090B7C1 /* IMG_0275.jpg in Resources */ = {isa = PBXBuildFile; fileRef = 96C3DAEB189579330090B7C1 /* IMG_0275.jpg */; };
		96C3DB11189579340090B7C1 /* IMG_0237.jpg in Resources */ = {isa = PBXBuildFile; fileRef = 96C3DAEC189579330090B7C1 /* IMG_0237.jpg */; };
		96C3DB12189579340090B7C1 /* IMG_0239.jpg in Resources */ = {isa = PBXBuildFile; fileRef = 96C3DAED189579330090B7C1 /* IMG_0239.jpg */; };
		96C3DB13189579340090B7C1 /* IMG_0267.jpg in Resources */ = {isa = PBXBuildFile; fileRef = 96C3DAEE189579330090B7C1 /* IMG_0267.jpg */; };
		96C3DB14189579340090B7C1 /* IMG_0223.jpg in Resources */ = {isa = PBXBuildFile; fileRef = 96C3DAEF189579330090B7C1 /* IMG_0223.jpg */; };
		96C3DB15189579340090B7C1 /* IMG_0225.jpg in Resources */ = {isa = PBXBuildFile; fileRef = 96C3DAF0189579330090B7C1 /* IMG_0225.jpg */; };
		96C3DB16189579340090B7C1 /* IMG_0226.jpg in Resources */ = {isa = PBXBuildFile; fileRef = 96C3DAF1189579330090B7C1 /* IMG_0226.jpg */; };
		96C3DB17189579340090B7C1 /* IMG_0229.jpg in Resources */ = {isa = PBXBuildFile; fileRef = 96C3DAF2189579330090B7C1 /* IMG_0229.jpg */; };
		96C3DB18189579340090B7C1 /* IMG_0230.jpg in Resources */ = {isa = PBXBuildFile; fileRef = 96C3DAF3189579330090B7C1 /* IMG_0230.jpg */; };
		96C3DB19189579340090B7C1 /* IMG_0184.jpg in Resources */ = {isa = PBXBuildFile; fileRef = 96C3DAF4189579330090B7C1 /* IMG_0184.jpg */; };
		96C3DB1A189579340090B7C1 /* IMG_0186.jpg in Resources */ = {isa = PBXBuildFile; fileRef = 96C3DAF5189579330090B7C1 /* IMG_0186.jpg */; };
		96C3DB1B189579340090B7C1 /* IMG_0187.jpg in Resources */ = {isa = PBXBuildFile; fileRef = 96C3DAF6189579330090B7C1 /* IMG_0187.jpg */; };
		96C3DB1C189579340090B7C1 /* IMG_0166.jpg in Resources */ = {isa = PBXBuildFile; fileRef = 96C3DAF7189579330090B7C1 /* IMG_0166.jpg */; };
		96C3DB1D189579340090B7C1 /* IMG_0168.jpg in Resources */ = {isa = PBXBuildFile; fileRef = 96C3DAF8189579340090B7C1 /* IMG_0168.jpg */; };
		96C3DB1E189579340090B7C1 /* IMG_0178.jpg in Resources */ = {isa = PBXBuildFile; fileRef = 96C3DAF9189579340090B7C1 /* IMG_0178.jpg */; };
		96C3DB1F189579340090B7C1 /* IMG_0180.jpg in Resources */ = {isa = PBXBuildFile; fileRef = 96C3DAFA189579340090B7C1 /* IMG_0180.jpg */; };
		96C3DB20189579340090B7C1 /* IMG_0183.jpg in Resources */ = {isa = PBXBuildFile; fileRef = 96C3DAFB189579340090B7C1 /* IMG_0183.jpg */; };
		96C3DB21189579340090B7C1 /* IMG_0151.jpg in Resources */ = {isa = PBXBuildFile; fileRef = 96C3DAFC189579340090B7C1 /* IMG_0151.jpg */; };
		96C3DB22189579340090B7C1 /* IMG_0155.jpg in Resources */ = {isa = PBXBuildFile; fileRef = 96C3DAFD189579340090B7C1 /* IMG_0155.jpg */; };
		96C3DB23189579340090B7C1 /* IMG_0161.jpg in Resources */ = {isa = PBXBuildFile; fileRef = 96C3DAFE189579340090B7C1 /* IMG_0161.jpg */; };
		96C3DB24189579340090B7C1 /* IMG_0163.jpg in Resources */ = {isa = PBXBuildFile; fileRef = 96C3DAFF189579340090B7C1 /* IMG_0163.jpg */; };
		96C3DB261895793F0090B7C1 /* jquery.mobile-1.4.0.min.css in Resources */ = {isa = PBXBuildFile; fileRef = 96C3DB251895793F0090B7C1 /* jquery.mobile-1.4.0.min.css */; };
		96C3DB53189597210090B7C1 /* IMG_0333_thumb.jpg in Resources */ = {isa = PBXBuildFile; fileRef = 96C3DB2F189597210090B7C1 /* IMG_0333_thumb.jpg */; };
		96C3DB54189597210090B7C1 /* IMG_0334_thumb.jpg in Resources */ = {isa = PBXBuildFile; fileRef = 96C3DB30189597210090B7C1 /* IMG_0334_thumb.jpg */; };
		96C3DB55189597210090B7C1 /* IMG_0338_thumb.jpg in Resources */ = {isa = PBXBuildFile; fileRef = 96C3DB31189597210090B7C1 /* IMG_0338_thumb.jpg */; };
		96C3DB56189597210090B7C1 /* IMG_0339_thumb.jpg in Resources */ = {isa = PBXBuildFile; fileRef = 96C3DB32189597210090B7C1 /* IMG_0339_thumb.jpg */; };
		96C3DB57189597210090B7C1 /* IMG_0342_thumb.jpg in Resources */ = {isa = PBXBuildFile; fileRef = 96C3DB33189597210090B7C1 /* IMG_0342_thumb.jpg */; };
		96C3DB58189597210090B7C1 /* IMG_0344_thumb.jpg in Resources */ = {isa = PBXBuildFile; fileRef = 96C3DB34189597210090B7C1 /* IMG_0344_thumb.jpg */; };
		96C3DB59189597210090B7C1 /* IMG_0272_thumb.jpg in Resources */ = {isa = PBXBuildFile; fileRef = 96C3DB35189597210090B7C1 /* IMG_0272_thumb.jpg */; };
		96C3DB5A189597210090B7C1 /* IMG_0275_thumb.jpg in Resources */ = {isa = PBXBuildFile; fileRef = 96C3DB36189597210090B7C1 /* IMG_0275_thumb.jpg */; };
		96C3DB5B189597210090B7C1 /* IMG_0277_thumb.jpg in Resources */ = {isa = PBXBuildFile; fileRef = 96C3DB37189597210090B7C1 /* IMG_0277_thumb.jpg */; };
		96C3DB5C189597210090B7C1 /* IMG_0281_thumb.jpg in Resources */ = {isa = PBXBuildFile; fileRef = 96C3DB38189597210090B7C1 /* IMG_0281_thumb.jpg */; };
		96C3DB5D189597210090B7C1 /* IMG_0291_thumb.jpg in Resources */ = {isa = PBXBuildFile; fileRef = 96C3DB39189597210090B7C1 /* IMG_0291_thumb.jpg */; };
		96C3DB5E189597210090B7C1 /* IMG_0301_thumb.jpg in Resources */ = {isa = PBXBuildFile; fileRef = 96C3DB3A189597210090B7C1 /* IMG_0301_thumb.jpg */; };
		96C3DB5F189597210090B7C1 /* IMG_0314_thumb.jpg in Resources */ = {isa = PBXBuildFile; fileRef = 96C3DB3B189597210090B7C1 /* IMG_0314_thumb.jpg */; };
		96C3DB60189597210090B7C1 /* IMG_0330_thumb.jpg in Resources */ = {isa = PBXBuildFile; fileRef = 96C3DB3C189597210090B7C1 /* IMG_0330_thumb.jpg */; };
		96C3DB61189597210090B7C1 /* IMG_0230_thumb.jpg in Resources */ = {isa = PBXBuildFile; fileRef = 96C3DB3D189597210090B7C1 /* IMG_0230_thumb.jpg */; };
		96C3DB62189597210090B7C1 /* IMG_0237_thumb.jpg in Resources */ = {isa = PBXBuildFile; fileRef = 96C3DB3E189597210090B7C1 /* IMG_0237_thumb.jpg */; };
		96C3DB63189597210090B7C1 /* IMG_0239_thumb.jpg in Resources */ = {isa = PBXBuildFile; fileRef = 96C3DB3F189597210090B7C1 /* IMG_0239_thumb.jpg */; };
		96C3DB64189597210090B7C1 /* IMG_0267_thumb.jpg in Resources */ = {isa = PBXBuildFile; fileRef = 96C3DB40189597210090B7C1 /* IMG_0267_thumb.jpg */; };
		96C3DB65189597210090B7C1 /* IMG_0268_thumb.jpg in Resources */ = {isa = PBXBuildFile; fileRef = 96C3DB41189597210090B7C1 /* IMG_0268_thumb.jpg */; };
		96C3DB66189597210090B7C1 /* IMG_0269_thumb.jpg in Resources */ = {isa = PBXBuildFile; fileRef = 96C3DB42189597210090B7C1 /* IMG_0269_thumb.jpg */; };
		96C3DB67189597210090B7C1 /* IMG_0271_thumb.jpg in Resources */ = {isa = PBXBuildFile; fileRef = 96C3DB43189597210090B7C1 /* IMG_0271_thumb.jpg */; };
		96C3DB68189597210090B7C1 /* IMG_0184_thumb.jpg in Resources */ = {isa = PBXBuildFile; fileRef = 96C3DB44189597210090B7C1 /* IMG_0184_thumb.jpg */; };
		96C3DB69189597210090B7C1 /* IMG_0186_thumb.jpg in Resources */ = {isa = PBXBuildFile; fileRef = 96C3DB45189597210090B7C1 /* IMG_0186_thumb.jpg */; };
		96C3DB6A189597210090B7C1 /* IMG_0187_thumb.jpg in Resources */ = {isa = PBXBuildFile; fileRef = 96C3DB46189597210090B7C1 /* IMG_0187_thumb.jpg */; };
		96C3DB6B189597210090B7C1 /* IMG_0223_thumb.jpg in Resources */ = {isa = PBXBuildFile; fileRef = 96C3DB47189597210090B7C1 /* IMG_0223_thumb.jpg */; };
		96C3DB6C189597210090B7C1 /* IMG_0225_thumb.jpg in Resources */ = {isa = PBXBuildFile; fileRef = 96C3DB48189597210090B7C1 /* IMG_0225_thumb.jpg */; };
		96C3DB6D189597210090B7C1 /* IMG_0226_thumb.jpg in Resources */ = {isa = PBXBuildFile; fileRef = 96C3DB49189597210090B7C1 /* IMG_0226_thumb.jpg */; };
		96C3DB6E189597210090B7C1 /* IMG_0229_thumb.jpg in Resources */ = {isa = PBXBuildFile; fileRef = 96C3DB4A189597210090B7C1 /* IMG_0229_thumb.jpg */; };
		96C3DB6F189597210090B7C1 /* IMG_0151_thumb.jpg in Resources */ = {isa = PBXBuildFile; fileRef = 96C3DB4B189597210090B7C1 /* IMG_0151_thumb.jpg */; };
		96C3DB70189597210090B7C1 /* IMG_0155_thumb.jpg in Resources */ = {isa = PBXBuildFile; fileRef = 96C3DB4C189597210090B7C1 /* IMG_0155_thumb.jpg */; };
		96C3DB71189597210090B7C1 /* IMG_0161_thumb.jpg in Resources */ = {isa = PBXBuildFile; fileRef = 96C3DB4D189597210090B7C1 /* IMG_0161_thumb.jpg */; };
		96C3DB72189597210090B7C1 /* IMG_0166_thumb.jpg in Resources */ = {isa = PBXBuildFile; fileRef = 96C3DB4E189597210090B7C1 /* IMG_0166_thumb.jpg */; };
		96C3DB73189597210090B7C1 /* IMG_0168_thumb.jpg in Resources */ = {isa = PBXBuildFile; fileRef = 96C3DB4F189597210090B7C1 /* IMG_0168_thumb.jpg */; };
		96C3DB74189597210090B7C1 /* IMG_0178_thumb.jpg in Resources */ = {isa = PBXBuildFile; fileRef = 96C3DB50189597210090B7C1 /* IMG_0178_thumb.jpg */; };
		96C3DB75189597210090B7C1 /* IMG_0180_thumb.jpg in Resources */ = {isa = PBXBuildFile; fileRef = 96C3DB51189597210090B7C1 /* IMG_0180_thumb.jpg */; };
		96C3DB76189597210090B7C1 /* IMG_0183_thumb.jpg in Resources */ = {isa = PBXBuildFile; fileRef = 96C3DB52189597210090B7C1 /* IMG_0183_thumb.jpg */; };
		96C3DB7818959AA70090B7C1 /* check.png in Resources */ = {isa = PBXBuildFile; fileRef = 96C3DB7718959AA70090B7C1 /* check.png */; };
		96C70D09189C1D6C00EA2A6E /* camera.png in Resources */ = {isa = PBXBuildFile; fileRef = 96C70D08189C1D6C00EA2A6E /* camera.png */; };
		96D3278618942CB9001E9F40 /* Foundation.framework in Frameworks */ = {isa = PBXBuildFile; fileRef = 96D3278518942CB9001E9F40 /* Foundation.framework */; };
		96D3278818942CB9001E9F40 /* CoreGraphics.framework in Frameworks */ = {isa = PBXBuildFile; fileRef = 96D3278718942CB9001E9F40 /* CoreGraphics.framework */; };
		96D3278A18942CB9001E9F40 /* UIKit.framework in Frameworks */ = {isa = PBXBuildFile; fileRef = 96D3278918942CB9001E9F40 /* UIKit.framework */; };
		96D3279018942CB9001E9F40 /* InfoPlist.strings in Resources */ = {isa = PBXBuildFile; fileRef = 96D3278E18942CB9001E9F40 /* InfoPlist.strings */; };
		96D3279218942CB9001E9F40 /* main.m in Sources */ = {isa = PBXBuildFile; fileRef = 96D3279118942CB9001E9F40 /* main.m */; };
		96D3279618942CB9001E9F40 /* AppDelegate.m in Sources */ = {isa = PBXBuildFile; fileRef = 96D3279518942CB9001E9F40 /* AppDelegate.m */; };
		96D3279818942CB9001E9F40 /* Images.xcassets in Resources */ = {isa = PBXBuildFile; fileRef = 96D3279718942CB9001E9F40 /* Images.xcassets */; };
		96D3279F18942CB9001E9F40 /* XCTest.framework in Frameworks */ = {isa = PBXBuildFile; fileRef = 96D3279E18942CB9001E9F40 /* XCTest.framework */; };
		96D327A018942CB9001E9F40 /* Foundation.framework in Frameworks */ = {isa = PBXBuildFile; fileRef = 96D3278518942CB9001E9F40 /* Foundation.framework */; };
		96D327A118942CB9001E9F40 /* UIKit.framework in Frameworks */ = {isa = PBXBuildFile; fileRef = 96D3278918942CB9001E9F40 /* UIKit.framework */; };
		96D327A918942CB9001E9F40 /* InfoPlist.strings in Resources */ = {isa = PBXBuildFile; fileRef = 96D327A718942CB9001E9F40 /* InfoPlist.strings */; };
		96D327AB18942CB9001E9F40 /* live_mockupTests.m in Sources */ = {isa = PBXBuildFile; fileRef = 96D327AA18942CB9001E9F40 /* live_mockupTests.m */; };
		96D327B618942E28001E9F40 /* WebViewController.m in Sources */ = {isa = PBXBuildFile; fileRef = 96D327B518942E28001E9F40 /* WebViewController.m */; };
		DD138D7A189C5FE20031259E /* camera-64.png in Resources */ = {isa = PBXBuildFile; fileRef = DD138D79189C5FE20031259E /* camera-64.png */; };
/* End PBXBuildFile section */

/* Begin PBXContainerItemProxy section */
		96D327A218942CB9001E9F40 /* PBXContainerItemProxy */ = {
			isa = PBXContainerItemProxy;
			containerPortal = 96D3277A18942CB8001E9F40 /* Project object */;
			proxyType = 1;
			remoteGlobalIDString = 96D3278118942CB8001E9F40;
			remoteInfo = "live-mockup";
		};
/* End PBXContainerItemProxy section */

/* Begin PBXFileReference section */
		9635E15718998BD800C23BD1 /* iphone-sources.js */ = {isa = PBXFileReference; fileEncoding = 4; lastKnownFileType = sourcecode.javascript; name = "iphone-sources.js"; path = "resources/js/iphone-sources.js"; sourceTree = "<group>"; };
		963FD43418B10F9D0042E67B /* share-gradient.png */ = {isa = PBXFileReference; lastKnownFileType = image.png; name = "share-gradient.png"; path = "resources/img/share-gradient.png"; sourceTree = "<group>"; };
		963FD43518B10F9D0042E67B /* check-checked-32.png */ = {isa = PBXFileReference; lastKnownFileType = image.png; name = "check-checked-32.png"; path = "resources/img/check-checked-32.png"; sourceTree = "<group>"; };
		963FD43818B119020042E67B /* check-24.png */ = {isa = PBXFileReference; lastKnownFileType = image.png; name = "check-24.png"; path = "resources/img/check-24.png"; sourceTree = "<group>"; };
		9666BD0918999EEB003C1AB4 /* amine.jpg */ = {isa = PBXFileReference; lastKnownFileType = image.jpeg; name = amine.jpg; path = resources/img/users/amine.jpg; sourceTree = "<group>"; };
		9666BD0A18999EEB003C1AB4 /* marcello.jpg */ = {isa = PBXFileReference; lastKnownFileType = image.jpeg; name = marcello.jpg; path = resources/img/users/marcello.jpg; sourceTree = "<group>"; };
		9666BD0E1899CB46003C1AB4 /* andreas.jpg */ = {isa = PBXFileReference; lastKnownFileType = image.jpeg; name = andreas.jpg; path = resources/img/users/andreas.jpg; sourceTree = "<group>"; };
		9666BD0F1899CB46003C1AB4 /* veronica.jpg */ = {isa = PBXFileReference; lastKnownFileType = image.jpeg; name = veronica.jpg; path = resources/img/users/veronica.jpg; sourceTree = "<group>"; };
		96B7C72A189993AA00A17C6C /* iphone-main.html */ = {isa = PBXFileReference; fileEncoding = 4; lastKnownFileType = text.html; name = "iphone-main.html"; path = "resources/iphone-main.html"; sourceTree = "<group>"; };
		96C3DADB189579330090B7C1 /* IMG_0333.jpg */ = {isa = PBXFileReference; lastKnownFileType = image.jpeg; name = IMG_0333.jpg; path = resources/img/camera/IMG_0333.jpg; sourceTree = "<group>"; };
		96C3DADC189579330090B7C1 /* IMG_0334.jpg */ = {isa = PBXFileReference; lastKnownFileType = image.jpeg; name = IMG_0334.jpg; path = resources/img/camera/IMG_0334.jpg; sourceTree = "<group>"; };
		96C3DADD189579330090B7C1 /* IMG_0338.jpg */ = {isa = PBXFileReference; lastKnownFileType = image.jpeg; name = IMG_0338.jpg; path = resources/img/camera/IMG_0338.jpg; sourceTree = "<group>"; };
		96C3DADE189579330090B7C1 /* IMG_0339.jpg */ = {isa = PBXFileReference; lastKnownFileType = image.jpeg; name = IMG_0339.jpg; path = resources/img/camera/IMG_0339.jpg; sourceTree = "<group>"; };
		96C3DADF189579330090B7C1 /* IMG_0342.jpg */ = {isa = PBXFileReference; lastKnownFileType = image.jpeg; name = IMG_0342.jpg; path = resources/img/camera/IMG_0342.jpg; sourceTree = "<group>"; };
		96C3DAE0189579330090B7C1 /* IMG_0344.jpg */ = {isa = PBXFileReference; lastKnownFileType = image.jpeg; name = IMG_0344.jpg; path = resources/img/camera/IMG_0344.jpg; sourceTree = "<group>"; };
		96C3DAE1189579330090B7C1 /* IMG_0277.jpg */ = {isa = PBXFileReference; lastKnownFileType = image.jpeg; name = IMG_0277.jpg; path = resources/img/camera/IMG_0277.jpg; sourceTree = "<group>"; };
		96C3DAE2189579330090B7C1 /* IMG_0281.jpg */ = {isa = PBXFileReference; lastKnownFileType = image.jpeg; name = IMG_0281.jpg; path = resources/img/camera/IMG_0281.jpg; sourceTree = "<group>"; };
		96C3DAE3189579330090B7C1 /* IMG_0291.jpg */ = {isa = PBXFileReference; lastKnownFileType = image.jpeg; name = IMG_0291.jpg; path = resources/img/camera/IMG_0291.jpg; sourceTree = "<group>"; };
		96C3DAE4189579330090B7C1 /* IMG_0301.jpg */ = {isa = PBXFileReference; lastKnownFileType = image.jpeg; name = IMG_0301.jpg; path = resources/img/camera/IMG_0301.jpg; sourceTree = "<group>"; };
		96C3DAE5189579330090B7C1 /* IMG_0314.jpg */ = {isa = PBXFileReference; lastKnownFileType = image.jpeg; name = IMG_0314.jpg; path = resources/img/camera/IMG_0314.jpg; sourceTree = "<group>"; };
		96C3DAE6189579330090B7C1 /* IMG_0330.jpg */ = {isa = PBXFileReference; lastKnownFileType = image.jpeg; name = IMG_0330.jpg; path = resources/img/camera/IMG_0330.jpg; sourceTree = "<group>"; };
		96C3DAE7189579330090B7C1 /* IMG_0268.jpg */ = {isa = PBXFileReference; lastKnownFileType = image.jpeg; name = IMG_0268.jpg; path = resources/img/camera/IMG_0268.jpg; sourceTree = "<group>"; };
		96C3DAE8189579330090B7C1 /* IMG_0269.jpg */ = {isa = PBXFileReference; lastKnownFileType = image.jpeg; name = IMG_0269.jpg; path = resources/img/camera/IMG_0269.jpg; sourceTree = "<group>"; };
		96C3DAE9189579330090B7C1 /* IMG_0271.jpg */ = {isa = PBXFileReference; lastKnownFileType = image.jpeg; name = IMG_0271.jpg; path = resources/img/camera/IMG_0271.jpg; sourceTree = "<group>"; };
		96C3DAEA189579330090B7C1 /* IMG_0272.jpg */ = {isa = PBXFileReference; lastKnownFileType = image.jpeg; name = IMG_0272.jpg; path = resources/img/camera/IMG_0272.jpg; sourceTree = "<group>"; };
		96C3DAEB189579330090B7C1 /* IMG_0275.jpg */ = {isa = PBXFileReference; lastKnownFileType = image.jpeg; name = IMG_0275.jpg; path = resources/img/camera/IMG_0275.jpg; sourceTree = "<group>"; };
		96C3DAEC189579330090B7C1 /* IMG_0237.jpg */ = {isa = PBXFileReference; lastKnownFileType = image.jpeg; name = IMG_0237.jpg; path = resources/img/camera/IMG_0237.jpg; sourceTree = "<group>"; };
		96C3DAED189579330090B7C1 /* IMG_0239.jpg */ = {isa = PBXFileReference; lastKnownFileType = image.jpeg; name = IMG_0239.jpg; path = resources/img/camera/IMG_0239.jpg; sourceTree = "<group>"; };
		96C3DAEE189579330090B7C1 /* IMG_0267.jpg */ = {isa = PBXFileReference; lastKnownFileType = image.jpeg; name = IMG_0267.jpg; path = resources/img/camera/IMG_0267.jpg; sourceTree = "<group>"; };
		96C3DAEF189579330090B7C1 /* IMG_0223.jpg */ = {isa = PBXFileReference; lastKnownFileType = image.jpeg; name = IMG_0223.jpg; path = resources/img/camera/IMG_0223.jpg; sourceTree = "<group>"; };
		96C3DAF0189579330090B7C1 /* IMG_0225.jpg */ = {isa = PBXFileReference; lastKnownFileType = image.jpeg; name = IMG_0225.jpg; path = resources/img/camera/IMG_0225.jpg; sourceTree = "<group>"; };
		96C3DAF1189579330090B7C1 /* IMG_0226.jpg */ = {isa = PBXFileReference; lastKnownFileType = image.jpeg; name = IMG_0226.jpg; path = resources/img/camera/IMG_0226.jpg; sourceTree = "<group>"; };
		96C3DAF2189579330090B7C1 /* IMG_0229.jpg */ = {isa = PBXFileReference; lastKnownFileType = image.jpeg; name = IMG_0229.jpg; path = resources/img/camera/IMG_0229.jpg; sourceTree = "<group>"; };
		96C3DAF3189579330090B7C1 /* IMG_0230.jpg */ = {isa = PBXFileReference; lastKnownFileType = image.jpeg; name = IMG_0230.jpg; path = resources/img/camera/IMG_0230.jpg; sourceTree = "<group>"; };
		96C3DAF4189579330090B7C1 /* IMG_0184.jpg */ = {isa = PBXFileReference; lastKnownFileType = image.jpeg; name = IMG_0184.jpg; path = resources/img/camera/IMG_0184.jpg; sourceTree = "<group>"; };
		96C3DAF5189579330090B7C1 /* IMG_0186.jpg */ = {isa = PBXFileReference; lastKnownFileType = image.jpeg; name = IMG_0186.jpg; path = resources/img/camera/IMG_0186.jpg; sourceTree = "<group>"; };
		96C3DAF6189579330090B7C1 /* IMG_0187.jpg */ = {isa = PBXFileReference; lastKnownFileType = image.jpeg; name = IMG_0187.jpg; path = resources/img/camera/IMG_0187.jpg; sourceTree = "<group>"; };
		96C3DAF7189579330090B7C1 /* IMG_0166.jpg */ = {isa = PBXFileReference; lastKnownFileType = image.jpeg; name = IMG_0166.jpg; path = resources/img/camera/IMG_0166.jpg; sourceTree = "<group>"; };
		96C3DAF8189579340090B7C1 /* IMG_0168.jpg */ = {isa = PBXFileReference; lastKnownFileType = image.jpeg; name = IMG_0168.jpg; path = resources/img/camera/IMG_0168.jpg; sourceTree = "<group>"; };
		96C3DAF9189579340090B7C1 /* IMG_0178.jpg */ = {isa = PBXFileReference; lastKnownFileType = image.jpeg; name = IMG_0178.jpg; path = resources/img/camera/IMG_0178.jpg; sourceTree = "<group>"; };
		96C3DAFA189579340090B7C1 /* IMG_0180.jpg */ = {isa = PBXFileReference; lastKnownFileType = image.jpeg; name = IMG_0180.jpg; path = resources/img/camera/IMG_0180.jpg; sourceTree = "<group>"; };
		96C3DAFB189579340090B7C1 /* IMG_0183.jpg */ = {isa = PBXFileReference; lastKnownFileType = image.jpeg; name = IMG_0183.jpg; path = resources/img/camera/IMG_0183.jpg; sourceTree = "<group>"; };
		96C3DAFC189579340090B7C1 /* IMG_0151.jpg */ = {isa = PBXFileReference; lastKnownFileType = image.jpeg; name = IMG_0151.jpg; path = resources/img/camera/IMG_0151.jpg; sourceTree = "<group>"; };
		96C3DAFD189579340090B7C1 /* IMG_0155.jpg */ = {isa = PBXFileReference; lastKnownFileType = image.jpeg; name = IMG_0155.jpg; path = resources/img/camera/IMG_0155.jpg; sourceTree = "<group>"; };
		96C3DAFE189579340090B7C1 /* IMG_0161.jpg */ = {isa = PBXFileReference; lastKnownFileType = image.jpeg; name = IMG_0161.jpg; path = resources/img/camera/IMG_0161.jpg; sourceTree = "<group>"; };
		96C3DAFF189579340090B7C1 /* IMG_0163.jpg */ = {isa = PBXFileReference; lastKnownFileType = image.jpeg; name = IMG_0163.jpg; path = resources/img/camera/IMG_0163.jpg; sourceTree = "<group>"; };
		96C3DB251895793F0090B7C1 /* jquery.mobile-1.4.0.min.css */ = {isa = PBXFileReference; fileEncoding = 4; lastKnownFileType = text.css; name = "jquery.mobile-1.4.0.min.css"; path = "resources/jquery.mobile-1.4.0.min.css"; sourceTree = "<group>"; };
		96C3DB2F189597210090B7C1 /* IMG_0333_thumb.jpg */ = {isa = PBXFileReference; lastKnownFileType = image.jpeg; name = IMG_0333_thumb.jpg; path = resources/img/camera/IMG_0333_thumb.jpg; sourceTree = "<group>"; };
		96C3DB30189597210090B7C1 /* IMG_0334_thumb.jpg */ = {isa = PBXFileReference; lastKnownFileType = image.jpeg; name = IMG_0334_thumb.jpg; path = resources/img/camera/IMG_0334_thumb.jpg; sourceTree = "<group>"; };
		96C3DB31189597210090B7C1 /* IMG_0338_thumb.jpg */ = {isa = PBXFileReference; lastKnownFileType = image.jpeg; name = IMG_0338_thumb.jpg; path = resources/img/camera/IMG_0338_thumb.jpg; sourceTree = "<group>"; };
		96C3DB32189597210090B7C1 /* IMG_0339_thumb.jpg */ = {isa = PBXFileReference; lastKnownFileType = image.jpeg; name = IMG_0339_thumb.jpg; path = resources/img/camera/IMG_0339_thumb.jpg; sourceTree = "<group>"; };
		96C3DB33189597210090B7C1 /* IMG_0342_thumb.jpg */ = {isa = PBXFileReference; lastKnownFileType = image.jpeg; name = IMG_0342_thumb.jpg; path = resources/img/camera/IMG_0342_thumb.jpg; sourceTree = "<group>"; };
		96C3DB34189597210090B7C1 /* IMG_0344_thumb.jpg */ = {isa = PBXFileReference; lastKnownFileType = image.jpeg; name = IMG_0344_thumb.jpg; path = resources/img/camera/IMG_0344_thumb.jpg; sourceTree = "<group>"; };
		96C3DB35189597210090B7C1 /* IMG_0272_thumb.jpg */ = {isa = PBXFileReference; lastKnownFileType = image.jpeg; name = IMG_0272_thumb.jpg; path = resources/img/camera/IMG_0272_thumb.jpg; sourceTree = "<group>"; };
		96C3DB36189597210090B7C1 /* IMG_0275_thumb.jpg */ = {isa = PBXFileReference; lastKnownFileType = image.jpeg; name = IMG_0275_thumb.jpg; path = resources/img/camera/IMG_0275_thumb.jpg; sourceTree = "<group>"; };
		96C3DB37189597210090B7C1 /* IMG_0277_thumb.jpg */ = {isa = PBXFileReference; lastKnownFileType = image.jpeg; name = IMG_0277_thumb.jpg; path = resources/img/camera/IMG_0277_thumb.jpg; sourceTree = "<group>"; };
		96C3DB38189597210090B7C1 /* IMG_0281_thumb.jpg */ = {isa = PBXFileReference; lastKnownFileType = image.jpeg; name = IMG_0281_thumb.jpg; path = resources/img/camera/IMG_0281_thumb.jpg; sourceTree = "<group>"; };
		96C3DB39189597210090B7C1 /* IMG_0291_thumb.jpg */ = {isa = PBXFileReference; lastKnownFileType = image.jpeg; name = IMG_0291_thumb.jpg; path = resources/img/camera/IMG_0291_thumb.jpg; sourceTree = "<group>"; };
		96C3DB3A189597210090B7C1 /* IMG_0301_thumb.jpg */ = {isa = PBXFileReference; lastKnownFileType = image.jpeg; name = IMG_0301_thumb.jpg; path = resources/img/camera/IMG_0301_thumb.jpg; sourceTree = "<group>"; };
		96C3DB3B189597210090B7C1 /* IMG_0314_thumb.jpg */ = {isa = PBXFileReference; lastKnownFileType = image.jpeg; name = IMG_0314_thumb.jpg; path = resources/img/camera/IMG_0314_thumb.jpg; sourceTree = "<group>"; };
		96C3DB3C189597210090B7C1 /* IMG_0330_thumb.jpg */ = {isa = PBXFileReference; lastKnownFileType = image.jpeg; name = IMG_0330_thumb.jpg; path = resources/img/camera/IMG_0330_thumb.jpg; sourceTree = "<group>"; };
		96C3DB3D189597210090B7C1 /* IMG_0230_thumb.jpg */ = {isa = PBXFileReference; lastKnownFileType = image.jpeg; name = IMG_0230_thumb.jpg; path = resources/img/camera/IMG_0230_thumb.jpg; sourceTree = "<group>"; };
		96C3DB3E189597210090B7C1 /* IMG_0237_thumb.jpg */ = {isa = PBXFileReference; lastKnownFileType = image.jpeg; name = IMG_0237_thumb.jpg; path = resources/img/camera/IMG_0237_thumb.jpg; sourceTree = "<group>"; };
		96C3DB3F189597210090B7C1 /* IMG_0239_thumb.jpg */ = {isa = PBXFileReference; lastKnownFileType = image.jpeg; name = IMG_0239_thumb.jpg; path = resources/img/camera/IMG_0239_thumb.jpg; sourceTree = "<group>"; };
		96C3DB40189597210090B7C1 /* IMG_0267_thumb.jpg */ = {isa = PBXFileReference; lastKnownFileType = image.jpeg; name = IMG_0267_thumb.jpg; path = resources/img/camera/IMG_0267_thumb.jpg; sourceTree = "<group>"; };
		96C3DB41189597210090B7C1 /* IMG_0268_thumb.jpg */ = {isa = PBXFileReference; lastKnownFileType = image.jpeg; name = IMG_0268_thumb.jpg; path = resources/img/camera/IMG_0268_thumb.jpg; sourceTree = "<group>"; };
		96C3DB42189597210090B7C1 /* IMG_0269_thumb.jpg */ = {isa = PBXFileReference; lastKnownFileType = image.jpeg; name = IMG_0269_thumb.jpg; path = resources/img/camera/IMG_0269_thumb.jpg; sourceTree = "<group>"; };
		96C3DB43189597210090B7C1 /* IMG_0271_thumb.jpg */ = {isa = PBXFileReference; lastKnownFileType = image.jpeg; name = IMG_0271_thumb.jpg; path = resources/img/camera/IMG_0271_thumb.jpg; sourceTree = "<group>"; };
		96C3DB44189597210090B7C1 /* IMG_0184_thumb.jpg */ = {isa = PBXFileReference; lastKnownFileType = image.jpeg; name = IMG_0184_thumb.jpg; path = resources/img/camera/IMG_0184_thumb.jpg; sourceTree = "<group>"; };
		96C3DB45189597210090B7C1 /* IMG_0186_thumb.jpg */ = {isa = PBXFileReference; lastKnownFileType = image.jpeg; name = IMG_0186_thumb.jpg; path = resources/img/camera/IMG_0186_thumb.jpg; sourceTree = "<group>"; };
		96C3DB46189597210090B7C1 /* IMG_0187_thumb.jpg */ = {isa = PBXFileReference; lastKnownFileType = image.jpeg; name = IMG_0187_thumb.jpg; path = resources/img/camera/IMG_0187_thumb.jpg; sourceTree = "<group>"; };
		96C3DB47189597210090B7C1 /* IMG_0223_thumb.jpg */ = {isa = PBXFileReference; lastKnownFileType = image.jpeg; name = IMG_0223_thumb.jpg; path = resources/img/camera/IMG_0223_thumb.jpg; sourceTree = "<group>"; };
		96C3DB48189597210090B7C1 /* IMG_0225_thumb.jpg */ = {isa = PBXFileReference; lastKnownFileType = image.jpeg; name = IMG_0225_thumb.jpg; path = resources/img/camera/IMG_0225_thumb.jpg; sourceTree = "<group>"; };
		96C3DB49189597210090B7C1 /* IMG_0226_thumb.jpg */ = {isa = PBXFileReference; lastKnownFileType = image.jpeg; name = IMG_0226_thumb.jpg; path = resources/img/camera/IMG_0226_thumb.jpg; sourceTree = "<group>"; };
		96C3DB4A189597210090B7C1 /* IMG_0229_thumb.jpg */ = {isa = PBXFileReference; lastKnownFileType = image.jpeg; name = IMG_0229_thumb.jpg; path = resources/img/camera/IMG_0229_thumb.jpg; sourceTree = "<group>"; };
		96C3DB4B189597210090B7C1 /* IMG_0151_thumb.jpg */ = {isa = PBXFileReference; lastKnownFileType = image.jpeg; name = IMG_0151_thumb.jpg; path = resources/img/camera/IMG_0151_thumb.jpg; sourceTree = "<group>"; };
		96C3DB4C189597210090B7C1 /* IMG_0155_thumb.jpg */ = {isa = PBXFileReference; lastKnownFileType = image.jpeg; name = IMG_0155_thumb.jpg; path = resources/img/camera/IMG_0155_thumb.jpg; sourceTree = "<group>"; };
		96C3DB4D189597210090B7C1 /* IMG_0161_thumb.jpg */ = {isa = PBXFileReference; lastKnownFileType = image.jpeg; name = IMG_0161_thumb.jpg; path = resources/img/camera/IMG_0161_thumb.jpg; sourceTree = "<group>"; };
		96C3DB4E189597210090B7C1 /* IMG_0166_thumb.jpg */ = {isa = PBXFileReference; lastKnownFileType = image.jpeg; name = IMG_0166_thumb.jpg; path = resources/img/camera/IMG_0166_thumb.jpg; sourceTree = "<group>"; };
		96C3DB4F189597210090B7C1 /* IMG_0168_thumb.jpg */ = {isa = PBXFileReference; lastKnownFileType = image.jpeg; name = IMG_0168_thumb.jpg; path = resources/img/camera/IMG_0168_thumb.jpg; sourceTree = "<group>"; };
		96C3DB50189597210090B7C1 /* IMG_0178_thumb.jpg */ = {isa = PBXFileReference; lastKnownFileType = image.jpeg; name = IMG_0178_thumb.jpg; path = resources/img/camera/IMG_0178_thumb.jpg; sourceTree = "<group>"; };
		96C3DB51189597210090B7C1 /* IMG_0180_thumb.jpg */ = {isa = PBXFileReference; lastKnownFileType = image.jpeg; name = IMG_0180_thumb.jpg; path = resources/img/camera/IMG_0180_thumb.jpg; sourceTree = "<group>"; };
		96C3DB52189597210090B7C1 /* IMG_0183_thumb.jpg */ = {isa = PBXFileReference; lastKnownFileType = image.jpeg; name = IMG_0183_thumb.jpg; path = resources/img/camera/IMG_0183_thumb.jpg; sourceTree = "<group>"; };
		96C3DB7718959AA70090B7C1 /* check.png */ = {isa = PBXFileReference; lastKnownFileType = image.png; name = check.png; path = resources/img/check.png; sourceTree = "<group>"; };
		96C70D08189C1D6C00EA2A6E /* camera.png */ = {isa = PBXFileReference; lastKnownFileType = image.png; name = camera.png; path = resources/img/icons/camera.png; sourceTree = "<group>"; };
		96D3278218942CB8001E9F40 /* live-mockup.app */ = {isa = PBXFileReference; explicitFileType = wrapper.application; includeInIndex = 0; path = "live-mockup.app"; sourceTree = BUILT_PRODUCTS_DIR; };
		96D3278518942CB9001E9F40 /* Foundation.framework */ = {isa = PBXFileReference; lastKnownFileType = wrapper.framework; name = Foundation.framework; path = System/Library/Frameworks/Foundation.framework; sourceTree = SDKROOT; };
		96D3278718942CB9001E9F40 /* CoreGraphics.framework */ = {isa = PBXFileReference; lastKnownFileType = wrapper.framework; name = CoreGraphics.framework; path = System/Library/Frameworks/CoreGraphics.framework; sourceTree = SDKROOT; };
		96D3278918942CB9001E9F40 /* UIKit.framework */ = {isa = PBXFileReference; lastKnownFileType = wrapper.framework; name = UIKit.framework; path = System/Library/Frameworks/UIKit.framework; sourceTree = SDKROOT; };
		96D3278D18942CB9001E9F40 /* live-mockup-Info.plist */ = {isa = PBXFileReference; lastKnownFileType = text.plist.xml; path = "live-mockup-Info.plist"; sourceTree = "<group>"; };
		96D3278F18942CB9001E9F40 /* en */ = {isa = PBXFileReference; lastKnownFileType = text.plist.strings; name = en; path = en.lproj/InfoPlist.strings; sourceTree = "<group>"; };
		96D3279118942CB9001E9F40 /* main.m */ = {isa = PBXFileReference; lastKnownFileType = sourcecode.c.objc; path = main.m; sourceTree = "<group>"; };
		96D3279318942CB9001E9F40 /* live-mockup-Prefix.pch */ = {isa = PBXFileReference; lastKnownFileType = sourcecode.c.h; path = "live-mockup-Prefix.pch"; sourceTree = "<group>"; };
		96D3279418942CB9001E9F40 /* AppDelegate.h */ = {isa = PBXFileReference; lastKnownFileType = sourcecode.c.h; path = AppDelegate.h; sourceTree = "<group>"; };
		96D3279518942CB9001E9F40 /* AppDelegate.m */ = {isa = PBXFileReference; lastKnownFileType = sourcecode.c.objc; path = AppDelegate.m; sourceTree = "<group>"; };
		96D3279718942CB9001E9F40 /* Images.xcassets */ = {isa = PBXFileReference; lastKnownFileType = folder.assetcatalog; path = Images.xcassets; sourceTree = "<group>"; };
		96D3279D18942CB9001E9F40 /* live-mockupTests.xctest */ = {isa = PBXFileReference; explicitFileType = wrapper.cfbundle; includeInIndex = 0; path = "live-mockupTests.xctest"; sourceTree = BUILT_PRODUCTS_DIR; };
		96D3279E18942CB9001E9F40 /* XCTest.framework */ = {isa = PBXFileReference; lastKnownFileType = wrapper.framework; name = XCTest.framework; path = Library/Frameworks/XCTest.framework; sourceTree = DEVELOPER_DIR; };
		96D327A618942CB9001E9F40 /* live-mockupTests-Info.plist */ = {isa = PBXFileReference; lastKnownFileType = text.plist.xml; path = "live-mockupTests-Info.plist"; sourceTree = "<group>"; };
		96D327A818942CB9001E9F40 /* en */ = {isa = PBXFileReference; lastKnownFileType = text.plist.strings; name = en; path = en.lproj/InfoPlist.strings; sourceTree = "<group>"; };
		96D327AA18942CB9001E9F40 /* live_mockupTests.m */ = {isa = PBXFileReference; lastKnownFileType = sourcecode.c.objc; path = live_mockupTests.m; sourceTree = "<group>"; };
		96D327B418942E28001E9F40 /* WebViewController.h */ = {isa = PBXFileReference; fileEncoding = 4; lastKnownFileType = sourcecode.c.h; path = WebViewController.h; sourceTree = "<group>"; };
		96D327B518942E28001E9F40 /* WebViewController.m */ = {isa = PBXFileReference; fileEncoding = 4; lastKnownFileType = sourcecode.c.objc; path = WebViewController.m; sourceTree = "<group>"; };
		DD138D79189C5FE20031259E /* camera-64.png */ = {isa = PBXFileReference; lastKnownFileType = image.png; name = "camera-64.png"; path = "resources/img/icons/camera-64.png"; sourceTree = "<group>"; };
/* End PBXFileReference section */

/* Begin PBXFrameworksBuildPhase section */
		96D3277F18942CB8001E9F40 /* Frameworks */ = {
			isa = PBXFrameworksBuildPhase;
			buildActionMask = 2147483647;
			files = (
				96D3278818942CB9001E9F40 /* CoreGraphics.framework in Frameworks */,
				96D3278A18942CB9001E9F40 /* UIKit.framework in Frameworks */,
				96D3278618942CB9001E9F40 /* Foundation.framework in Frameworks */,
			);
			runOnlyForDeploymentPostprocessing = 0;
		};
		96D3279A18942CB9001E9F40 /* Frameworks */ = {
			isa = PBXFrameworksBuildPhase;
			buildActionMask = 2147483647;
			files = (
				96D3279F18942CB9001E9F40 /* XCTest.framework in Frameworks */,
				96D327A118942CB9001E9F40 /* UIKit.framework in Frameworks */,
				96D327A018942CB9001E9F40 /* Foundation.framework in Frameworks */,
			);
			runOnlyForDeploymentPostprocessing = 0;
		};
/* End PBXFrameworksBuildPhase section */

/* Begin PBXGroup section */
		9666BD0D18999EFF003C1AB4 /* users */ = {
			isa = PBXGroup;
			children = (
				9666BD0E1899CB46003C1AB4 /* andreas.jpg */,
				9666BD0F1899CB46003C1AB4 /* veronica.jpg */,
				9666BD0918999EEB003C1AB4 /* amine.jpg */,
				9666BD0A18999EEB003C1AB4 /* marcello.jpg */,
			);
			name = users;
			sourceTree = "<group>";
		};
		96C3DAD1189578F60090B7C1 /* html */ = {
			isa = PBXGroup;
			children = (
				96C3DB251895793F0090B7C1 /* jquery.mobile-1.4.0.min.css */,
				96C3DAD9189579100090B7C1 /* img */,
				96C3DAD2189579000090B7C1 /* js */,
				96B7C72A189993AA00A17C6C /* iphone-main.html */,
			);
			name = html;
			sourceTree = "<group>";
		};
		96C3DAD2189579000090B7C1 /* js */ = {
			isa = PBXGroup;
			children = (
				9635E15718998BD800C23BD1 /* iphone-sources.js */,
			);
			name = js;
			sourceTree = "<group>";
		};
		96C3DAD9189579100090B7C1 /* img */ = {
			isa = PBXGroup;
			children = (
				963FD43818B119020042E67B /* check-24.png */,
				963FD43418B10F9D0042E67B /* share-gradient.png */,
				963FD43518B10F9D0042E67B /* check-checked-32.png */,
				96C70D07189C1D6200EA2A6E /* icons */,
				9666BD0D18999EFF003C1AB4 /* users */,
				96C3DB7718959AA70090B7C1 /* check.png */,
				96C3DADA189579200090B7C1 /* camera */,
			);
			name = img;
			sourceTree = "<group>";
		};
		96C3DADA189579200090B7C1 /* camera */ = {
			isa = PBXGroup;
			children = (
				96C3DB2F189597210090B7C1 /* IMG_0333_thumb.jpg */,
				96C3DB30189597210090B7C1 /* IMG_0334_thumb.jpg */,
				96C3DB31189597210090B7C1 /* IMG_0338_thumb.jpg */,
				96C3DB32189597210090B7C1 /* IMG_0339_thumb.jpg */,
				96C3DB33189597210090B7C1 /* IMG_0342_thumb.jpg */,
				96C3DB34189597210090B7C1 /* IMG_0344_thumb.jpg */,
				96C3DB35189597210090B7C1 /* IMG_0272_thumb.jpg */,
				96C3DB36189597210090B7C1 /* IMG_0275_thumb.jpg */,
				96C3DB37189597210090B7C1 /* IMG_0277_thumb.jpg */,
				96C3DB38189597210090B7C1 /* IMG_0281_thumb.jpg */,
				96C3DB39189597210090B7C1 /* IMG_0291_thumb.jpg */,
				96C3DB3A189597210090B7C1 /* IMG_0301_thumb.jpg */,
				96C3DB3B189597210090B7C1 /* IMG_0314_thumb.jpg */,
				96C3DB3C189597210090B7C1 /* IMG_0330_thumb.jpg */,
				96C3DB3D189597210090B7C1 /* IMG_0230_thumb.jpg */,
				96C3DB3E189597210090B7C1 /* IMG_0237_thumb.jpg */,
				96C3DB3F189597210090B7C1 /* IMG_0239_thumb.jpg */,
				96C3DB40189597210090B7C1 /* IMG_0267_thumb.jpg */,
				96C3DB41189597210090B7C1 /* IMG_0268_thumb.jpg */,
				96C3DB42189597210090B7C1 /* IMG_0269_thumb.jpg */,
				96C3DB43189597210090B7C1 /* IMG_0271_thumb.jpg */,
				96C3DB44189597210090B7C1 /* IMG_0184_thumb.jpg */,
				96C3DB45189597210090B7C1 /* IMG_0186_thumb.jpg */,
				96C3DB46189597210090B7C1 /* IMG_0187_thumb.jpg */,
				96C3DB47189597210090B7C1 /* IMG_0223_thumb.jpg */,
				96C3DB48189597210090B7C1 /* IMG_0225_thumb.jpg */,
				96C3DB49189597210090B7C1 /* IMG_0226_thumb.jpg */,
				96C3DB4A189597210090B7C1 /* IMG_0229_thumb.jpg */,
				96C3DB4B189597210090B7C1 /* IMG_0151_thumb.jpg */,
				96C3DB4C189597210090B7C1 /* IMG_0155_thumb.jpg */,
				96C3DB4D189597210090B7C1 /* IMG_0161_thumb.jpg */,
				96C3DB4E189597210090B7C1 /* IMG_0166_thumb.jpg */,
				96C3DB4F189597210090B7C1 /* IMG_0168_thumb.jpg */,
				96C3DB50189597210090B7C1 /* IMG_0178_thumb.jpg */,
				96C3DB51189597210090B7C1 /* IMG_0180_thumb.jpg */,
				96C3DB52189597210090B7C1 /* IMG_0183_thumb.jpg */,
				96C3DADB189579330090B7C1 /* IMG_0333.jpg */,
				96C3DADC189579330090B7C1 /* IMG_0334.jpg */,
				96C3DADD189579330090B7C1 /* IMG_0338.jpg */,
				96C3DADE189579330090B7C1 /* IMG_0339.jpg */,
				96C3DADF189579330090B7C1 /* IMG_0342.jpg */,
				96C3DAE0189579330090B7C1 /* IMG_0344.jpg */,
				96C3DAE1189579330090B7C1 /* IMG_0277.jpg */,
				96C3DAE2189579330090B7C1 /* IMG_0281.jpg */,
				96C3DAE3189579330090B7C1 /* IMG_0291.jpg */,
				96C3DAE4189579330090B7C1 /* IMG_0301.jpg */,
				96C3DAE5189579330090B7C1 /* IMG_0314.jpg */,
				96C3DAE6189579330090B7C1 /* IMG_0330.jpg */,
				96C3DAE7189579330090B7C1 /* IMG_0268.jpg */,
				96C3DAE8189579330090B7C1 /* IMG_0269.jpg */,
				96C3DAE9189579330090B7C1 /* IMG_0271.jpg */,
				96C3DAEA189579330090B7C1 /* IMG_0272.jpg */,
				96C3DAEB189579330090B7C1 /* IMG_0275.jpg */,
				96C3DAEC189579330090B7C1 /* IMG_0237.jpg */,
				96C3DAED189579330090B7C1 /* IMG_0239.jpg */,
				96C3DAEE189579330090B7C1 /* IMG_0267.jpg */,
				96C3DAEF189579330090B7C1 /* IMG_0223.jpg */,
				96C3DAF0189579330090B7C1 /* IMG_0225.jpg */,
				96C3DAF1189579330090B7C1 /* IMG_0226.jpg */,
				96C3DAF2189579330090B7C1 /* IMG_0229.jpg */,
				96C3DAF3189579330090B7C1 /* IMG_0230.jpg */,
				96C3DAF4189579330090B7C1 /* IMG_0184.jpg */,
				96C3DAF5189579330090B7C1 /* IMG_0186.jpg */,
				96C3DAF6189579330090B7C1 /* IMG_0187.jpg */,
				96C3DAF7189579330090B7C1 /* IMG_0166.jpg */,
				96C3DAF8189579340090B7C1 /* IMG_0168.jpg */,
				96C3DAF9189579340090B7C1 /* IMG_0178.jpg */,
				96C3DAFA189579340090B7C1 /* IMG_0180.jpg */,
				96C3DAFB189579340090B7C1 /* IMG_0183.jpg */,
				96C3DAFC189579340090B7C1 /* IMG_0151.jpg */,
				96C3DAFD189579340090B7C1 /* IMG_0155.jpg */,
				96C3DAFE189579340090B7C1 /* IMG_0161.jpg */,
				96C3DAFF189579340090B7C1 /* IMG_0163.jpg */,
			);
			name = camera;
			sourceTree = "<group>";
		};
		96C70D07189C1D6200EA2A6E /* icons */ = {
			isa = PBXGroup;
			children = (
				DD138D79189C5FE20031259E /* camera-64.png */,
				96C70D08189C1D6C00EA2A6E /* camera.png */,
			);
			name = icons;
			sourceTree = "<group>";
		};
		96D3277918942CB8001E9F40 = {
			isa = PBXGroup;
			children = (
				96D3278B18942CB9001E9F40 /* live-mockup */,
				96D327A418942CB9001E9F40 /* live-mockupTests */,
				96D3278418942CB8001E9F40 /* Frameworks */,
				96D3278318942CB8001E9F40 /* Products */,
			);
			sourceTree = "<group>";
		};
		96D3278318942CB8001E9F40 /* Products */ = {
			isa = PBXGroup;
			children = (
				96D3278218942CB8001E9F40 /* live-mockup.app */,
				96D3279D18942CB9001E9F40 /* live-mockupTests.xctest */,
			);
			name = Products;
			sourceTree = "<group>";
		};
		96D3278418942CB8001E9F40 /* Frameworks */ = {
			isa = PBXGroup;
			children = (
				96D3278518942CB9001E9F40 /* Foundation.framework */,
				96D3278718942CB9001E9F40 /* CoreGraphics.framework */,
				96D3278918942CB9001E9F40 /* UIKit.framework */,
				96D3279E18942CB9001E9F40 /* XCTest.framework */,
			);
			name = Frameworks;
			sourceTree = "<group>";
		};
		96D3278B18942CB9001E9F40 /* live-mockup */ = {
			isa = PBXGroup;
			children = (
				96D3279418942CB9001E9F40 /* AppDelegate.h */,
				96D3279518942CB9001E9F40 /* AppDelegate.m */,
				96D327B418942E28001E9F40 /* WebViewController.h */,
				96D327B518942E28001E9F40 /* WebViewController.m */,
				96D3279718942CB9001E9F40 /* Images.xcassets */,
				96D3278C18942CB9001E9F40 /* Supporting Files */,
			);
			path = "live-mockup";
			sourceTree = "<group>";
		};
		96D3278C18942CB9001E9F40 /* Supporting Files */ = {
			isa = PBXGroup;
			children = (
				96C3DAD1189578F60090B7C1 /* html */,
				96D3278D18942CB9001E9F40 /* live-mockup-Info.plist */,
				96D3278E18942CB9001E9F40 /* InfoPlist.strings */,
				96D3279118942CB9001E9F40 /* main.m */,
				96D3279318942CB9001E9F40 /* live-mockup-Prefix.pch */,
			);
			name = "Supporting Files";
			sourceTree = "<group>";
		};
		96D327A418942CB9001E9F40 /* live-mockupTests */ = {
			isa = PBXGroup;
			children = (
				96D327AA18942CB9001E9F40 /* live_mockupTests.m */,
				96D327A518942CB9001E9F40 /* Supporting Files */,
			);
			path = "live-mockupTests";
			sourceTree = "<group>";
		};
		96D327A518942CB9001E9F40 /* Supporting Files */ = {
			isa = PBXGroup;
			children = (
				96D327A618942CB9001E9F40 /* live-mockupTests-Info.plist */,
				96D327A718942CB9001E9F40 /* InfoPlist.strings */,
			);
			name = "Supporting Files";
			sourceTree = "<group>";
		};
/* End PBXGroup section */

/* Begin PBXNativeTarget section */
		96D3278118942CB8001E9F40 /* live-mockup */ = {
			isa = PBXNativeTarget;
			buildConfigurationList = 96D327AE18942CB9001E9F40 /* Build configuration list for PBXNativeTarget "live-mockup" */;
			buildPhases = (
				96D3277E18942CB8001E9F40 /* Sources */,
				96D3277F18942CB8001E9F40 /* Frameworks */,
				9635E15618998BB300C23BD1 /* Run Script */,
				96D3278018942CB8001E9F40 /* Resources */,
			);
			buildRules = (
			);
			dependencies = (
			);
			name = "live-mockup";
			productName = "live-mockup";
			productReference = 96D3278218942CB8001E9F40 /* live-mockup.app */;
			productType = "com.apple.product-type.application";
		};
		96D3279C18942CB9001E9F40 /* live-mockupTests */ = {
			isa = PBXNativeTarget;
			buildConfigurationList = 96D327B118942CB9001E9F40 /* Build configuration list for PBXNativeTarget "live-mockupTests" */;
			buildPhases = (
				96D3279918942CB9001E9F40 /* Sources */,
				96D3279A18942CB9001E9F40 /* Frameworks */,
				96D3279B18942CB9001E9F40 /* Resources */,
			);
			buildRules = (
			);
			dependencies = (
				96D327A318942CB9001E9F40 /* PBXTargetDependency */,
			);
			name = "live-mockupTests";
			productName = "live-mockupTests";
			productReference = 96D3279D18942CB9001E9F40 /* live-mockupTests.xctest */;
			productType = "com.apple.product-type.bundle.unit-test";
		};
/* End PBXNativeTarget section */

/* Begin PBXProject section */
		96D3277A18942CB8001E9F40 /* Project object */ = {
			isa = PBXProject;
			attributes = {
				LastUpgradeCheck = 0500;
				ORGANIZATIONNAME = "Andreas Binnewies";
				TargetAttributes = {
					96D3279C18942CB9001E9F40 = {
						TestTargetID = 96D3278118942CB8001E9F40;
					};
				};
			};
			buildConfigurationList = 96D3277D18942CB8001E9F40 /* Build configuration list for PBXProject "live mockup" */;
			compatibilityVersion = "Xcode 3.2";
			developmentRegion = English;
			hasScannedForEncodings = 0;
			knownRegions = (
				en,
			);
			mainGroup = 96D3277918942CB8001E9F40;
			productRefGroup = 96D3278318942CB8001E9F40 /* Products */;
			projectDirPath = "";
			projectRoot = "";
			targets = (
				96D3278118942CB8001E9F40 /* live-mockup */,
				96D3279C18942CB9001E9F40 /* live-mockupTests */,
			);
		};
/* End PBXProject section */

/* Begin PBXResourcesBuildPhase section */
		96D3278018942CB8001E9F40 /* Resources */ = {
			isa = PBXResourcesBuildPhase;
			buildActionMask = 2147483647;
			files = (
				96C3DB02189579340090B7C1 /* IMG_0338.jpg in Resources */,
				96C3DB1E189579340090B7C1 /* IMG_0178.jpg in Resources */,
				9635E15818998BD800C23BD1 /* iphone-sources.js in Resources */,
				96C3DB20189579340090B7C1 /* IMG_0183.jpg in Resources */,
				96C3DB5D189597210090B7C1 /* IMG_0291_thumb.jpg in Resources */,
				96C3DB55189597210090B7C1 /* IMG_0338_thumb.jpg in Resources */,
				96C3DB65189597210090B7C1 /* IMG_0268_thumb.jpg in Resources */,
				96C3DB73189597210090B7C1 /* IMG_0168_thumb.jpg in Resources */,
				96C3DB66189597210090B7C1 /* IMG_0269_thumb.jpg in Resources */,
				96C3DB62189597210090B7C1 /* IMG_0237_thumb.jpg in Resources */,
				96C3DB6C189597210090B7C1 /* IMG_0225_thumb.jpg in Resources */,
				96C3DB54189597210090B7C1 /* IMG_0334_thumb.jpg in Resources */,
				96C3DB70189597210090B7C1 /* IMG_0155_thumb.jpg in Resources */,
				96C3DB71189597210090B7C1 /* IMG_0161_thumb.jpg in Resources */,
				96C3DB24189579340090B7C1 /* IMG_0163.jpg in Resources */,
				96C3DB1C189579340090B7C1 /* IMG_0166.jpg in Resources */,
				96C3DB6F189597210090B7C1 /* IMG_0151_thumb.jpg in Resources */,
				96C3DB14189579340090B7C1 /* IMG_0223.jpg in Resources */,
				96C3DB1F189579340090B7C1 /* IMG_0180.jpg in Resources */,
				96C3DB0A189579340090B7C1 /* IMG_0314.jpg in Resources */,
				96D3279018942CB9001E9F40 /* InfoPlist.strings in Resources */,
				96C3DB17189579340090B7C1 /* IMG_0229.jpg in Resources */,
				96C70D09189C1D6C00EA2A6E /* camera.png in Resources */,
				96C3DB7818959AA70090B7C1 /* check.png in Resources */,
				96C3DB72189597210090B7C1 /* IMG_0166_thumb.jpg in Resources */,
				96B7C72B189993AA00A17C6C /* iphone-main.html in Resources */,
				96C3DB15189579340090B7C1 /* IMG_0225.jpg in Resources */,
				96C3DB69189597210090B7C1 /* IMG_0186_thumb.jpg in Resources */,
				96C3DB63189597210090B7C1 /* IMG_0239_thumb.jpg in Resources */,
				96C3DB5F189597210090B7C1 /* IMG_0314_thumb.jpg in Resources */,
				96C3DB67189597210090B7C1 /* IMG_0271_thumb.jpg in Resources */,
				96C3DB01189579340090B7C1 /* IMG_0334.jpg in Resources */,
				96C3DB5E189597210090B7C1 /* IMG_0301_thumb.jpg in Resources */,
				96C3DB1B189579340090B7C1 /* IMG_0187.jpg in Resources */,
				96C3DB10189579340090B7C1 /* IMG_0275.jpg in Resources */,
				96C3DB0D189579340090B7C1 /* IMG_0269.jpg in Resources */,
				96C3DB12189579340090B7C1 /* IMG_0239.jpg in Resources */,
				96C3DB5C189597210090B7C1 /* IMG_0281_thumb.jpg in Resources */,
				96C3DB00189579340090B7C1 /* IMG_0333.jpg in Resources */,
				96C3DB21189579340090B7C1 /* IMG_0151.jpg in Resources */,
				963FD43918B119020042E67B /* check-24.png in Resources */,
				96C3DB0F189579340090B7C1 /* IMG_0272.jpg in Resources */,
				96C3DB5A189597210090B7C1 /* IMG_0275_thumb.jpg in Resources */,
				DD138D7A189C5FE20031259E /* camera-64.png in Resources */,
				96C3DB53189597210090B7C1 /* IMG_0333_thumb.jpg in Resources */,
				96C3DB04189579340090B7C1 /* IMG_0342.jpg in Resources */,
				96C3DB11189579340090B7C1 /* IMG_0237.jpg in Resources */,
				96C3DB16189579340090B7C1 /* IMG_0226.jpg in Resources */,
				96C3DB08189579340090B7C1 /* IMG_0291.jpg in Resources */,
				96C3DB59189597210090B7C1 /* IMG_0272_thumb.jpg in Resources */,
				96C3DB5B189597210090B7C1 /* IMG_0277_thumb.jpg in Resources */,
				963FD43718B10F9D0042E67B /* check-checked-32.png in Resources */,
				96C3DB6A189597210090B7C1 /* IMG_0187_thumb.jpg in Resources */,
				96C3DB19189579340090B7C1 /* IMG_0184.jpg in Resources */,
				9666BD0B18999EEB003C1AB4 /* amine.jpg in Resources */,
				96C3DB06189579340090B7C1 /* IMG_0277.jpg in Resources */,
				96C3DB6B189597210090B7C1 /* IMG_0223_thumb.jpg in Resources */,
				96C3DB57189597210090B7C1 /* IMG_0342_thumb.jpg in Resources */,
				96C3DB22189579340090B7C1 /* IMG_0155.jpg in Resources */,
				96C3DB68189597210090B7C1 /* IMG_0184_thumb.jpg in Resources */,
				96C3DB1A189579340090B7C1 /* IMG_0186.jpg in Resources */,
				963FD43618B10F9D0042E67B /* share-gradient.png in Resources */,
				96C3DB0C189579340090B7C1 /* IMG_0268.jpg in Resources */,
				96C3DB05189579340090B7C1 /* IMG_0344.jpg in Resources */,
				96C3DB61189597210090B7C1 /* IMG_0230_thumb.jpg in Resources */,
				9666BD101899CB46003C1AB4 /* andreas.jpg in Resources */,
				96C3DB03189579340090B7C1 /* IMG_0339.jpg in Resources */,
				96C3DB23189579340090B7C1 /* IMG_0161.jpg in Resources */,
				96C3DB74189597210090B7C1 /* IMG_0178_thumb.jpg in Resources */,
				96C3DB1D189579340090B7C1 /* IMG_0168.jpg in Resources */,
				96C3DB261895793F0090B7C1 /* jquery.mobile-1.4.0.min.css in Resources */,
				9666BD111899CB46003C1AB4 /* veronica.jpg in Resources */,
				96C3DB09189579340090B7C1 /* IMG_0301.jpg in Resources */,
				96C3DB0B189579340090B7C1 /* IMG_0330.jpg in Resources */,
				96C3DB0E189579340090B7C1 /* IMG_0271.jpg in Resources */,
				9666BD0C18999EEB003C1AB4 /* marcello.jpg in Resources */,
				96C3DB6D189597210090B7C1 /* IMG_0226_thumb.jpg in Resources */,
				96C3DB64189597210090B7C1 /* IMG_0267_thumb.jpg in Resources */,
				96C3DB75189597210090B7C1 /* IMG_0180_thumb.jpg in Resources */,
				96C3DB07189579340090B7C1 /* IMG_0281.jpg in Resources */,
				96C3DB56189597210090B7C1 /* IMG_0339_thumb.jpg in Resources */,
				96C3DB76189597210090B7C1 /* IMG_0183_thumb.jpg in Resources */,
				96C3DB58189597210090B7C1 /* IMG_0344_thumb.jpg in Resources */,
				96C3DB13189579340090B7C1 /* IMG_0267.jpg in Resources */,
				96D3279818942CB9001E9F40 /* Images.xcassets in Resources */,
				96C3DB6E189597210090B7C1 /* IMG_0229_thumb.jpg in Resources */,
				96C3DB60189597210090B7C1 /* IMG_0330_thumb.jpg in Resources */,
				96C3DB18189579340090B7C1 /* IMG_0230.jpg in Resources */,
			);
			runOnlyForDeploymentPostprocessing = 0;
		};
		96D3279B18942CB9001E9F40 /* Resources */ = {
			isa = PBXResourcesBuildPhase;
			buildActionMask = 2147483647;
			files = (
				96D327A918942CB9001E9F40 /* InfoPlist.strings in Resources */,
			);
			runOnlyForDeploymentPostprocessing = 0;
		};
/* End PBXResourcesBuildPhase section */

/* Begin PBXShellScriptBuildPhase section */
		9635E15618998BB300C23BD1 /* Run Script */ = {
			isa = PBXShellScriptBuildPhase;
			buildActionMask = 2147483647;
			files = (
			);
			inputPaths = (
			);
			name = "Run Script";
			outputPaths = (
			);
			runOnlyForDeploymentPostprocessing = 0;
			shellPath = /bin/sh;
			shellScript = "echo \"\" > \"${SRCROOT}/live-mockup/resources/js/iphone-sources.js\"\ncat \"${SRCROOT}/live-mockup/resources/main.html\" | grep '<script.*src=' | sed 's/<script type=\"text\\/javascript\" src=\"\\([^\"]*\\)\"><\\/script>/\\1/' | xargs -n 1 echo ${SRCROOT}/live-mockup/resources/ | sed 's/ //g' | xargs cat > \"${SRCROOT}/live-mockup/resources/js/iphone-sources.js\"\ncat \"${SRCROOT}/live-mockup/resources/main.html\" | sed 's/<script type=\"text\\/javascript\" src=\"\\([^\"]*\\)\"><\\/script>//g' | sed 's/<\\/head>/<script type=\"text\\/javascript\" src=\"iphone-sources.js\"><\\/script>&/' > \"${SRCROOT}/live-mockup/resources/iphone-main.html\"";
		};
/* End PBXShellScriptBuildPhase section */

/* Begin PBXSourcesBuildPhase section */
		96D3277E18942CB8001E9F40 /* Sources */ = {
			isa = PBXSourcesBuildPhase;
			buildActionMask = 2147483647;
			files = (
				96D3279618942CB9001E9F40 /* AppDelegate.m in Sources */,
				96D327B618942E28001E9F40 /* WebViewController.m in Sources */,
				96D3279218942CB9001E9F40 /* main.m in Sources */,
			);
			runOnlyForDeploymentPostprocessing = 0;
		};
		96D3279918942CB9001E9F40 /* Sources */ = {
			isa = PBXSourcesBuildPhase;
			buildActionMask = 2147483647;
			files = (
				96D327AB18942CB9001E9F40 /* live_mockupTests.m in Sources */,
			);
			runOnlyForDeploymentPostprocessing = 0;
		};
/* End PBXSourcesBuildPhase section */

/* Begin PBXTargetDependency section */
		96D327A318942CB9001E9F40 /* PBXTargetDependency */ = {
			isa = PBXTargetDependency;
			target = 96D3278118942CB8001E9F40 /* live-mockup */;
			targetProxy = 96D327A218942CB9001E9F40 /* PBXContainerItemProxy */;
		};
/* End PBXTargetDependency section */

/* Begin PBXVariantGroup section */
		96D3278E18942CB9001E9F40 /* InfoPlist.strings */ = {
			isa = PBXVariantGroup;
			children = (
				96D3278F18942CB9001E9F40 /* en */,
			);
			name = InfoPlist.strings;
			sourceTree = "<group>";
		};
		96D327A718942CB9001E9F40 /* InfoPlist.strings */ = {
			isa = PBXVariantGroup;
			children = (
				96D327A818942CB9001E9F40 /* en */,
			);
			name = InfoPlist.strings;
			sourceTree = "<group>";
		};
/* End PBXVariantGroup section */

/* Begin XCBuildConfiguration section */
		96D327AC18942CB9001E9F40 /* Debug */ = {
			isa = XCBuildConfiguration;
			buildSettings = {
				ALWAYS_SEARCH_USER_PATHS = NO;
				ARCHS = "$(ARCHS_STANDARD_INCLUDING_64_BIT)";
				CLANG_CXX_LANGUAGE_STANDARD = "gnu++0x";
				CLANG_CXX_LIBRARY = "libc++";
				CLANG_ENABLE_MODULES = YES;
				CLANG_ENABLE_OBJC_ARC = YES;
				CLANG_WARN_BOOL_CONVERSION = YES;
				CLANG_WARN_CONSTANT_CONVERSION = YES;
				CLANG_WARN_DIRECT_OBJC_ISA_USAGE = YES_ERROR;
				CLANG_WARN_EMPTY_BODY = YES;
				CLANG_WARN_ENUM_CONVERSION = YES;
				CLANG_WARN_INT_CONVERSION = YES;
				CLANG_WARN_OBJC_ROOT_CLASS = YES_ERROR;
				CLANG_WARN__DUPLICATE_METHOD_MATCH = YES;
				"CODE_SIGN_IDENTITY[sdk=iphoneos*]" = "iPhone Developer";
				COPY_PHASE_STRIP = NO;
				GCC_C_LANGUAGE_STANDARD = gnu99;
				GCC_DYNAMIC_NO_PIC = NO;
				GCC_OPTIMIZATION_LEVEL = 0;
				GCC_PREPROCESSOR_DEFINITIONS = (
					"DEBUG=1",
					"$(inherited)",
				);
				GCC_SYMBOLS_PRIVATE_EXTERN = NO;
				GCC_WARN_64_TO_32_BIT_CONVERSION = YES;
				GCC_WARN_ABOUT_RETURN_TYPE = YES_ERROR;
				GCC_WARN_UNDECLARED_SELECTOR = YES;
				GCC_WARN_UNINITIALIZED_AUTOS = YES;
				GCC_WARN_UNUSED_FUNCTION = YES;
				GCC_WARN_UNUSED_VARIABLE = YES;
				IPHONEOS_DEPLOYMENT_TARGET = 7.0;
				ONLY_ACTIVE_ARCH = YES;
				SDKROOT = iphoneos;
				TARGETED_DEVICE_FAMILY = "1,2";
			};
			name = Debug;
		};
		96D327AD18942CB9001E9F40 /* Release */ = {
			isa = XCBuildConfiguration;
			buildSettings = {
				ALWAYS_SEARCH_USER_PATHS = NO;
				ARCHS = "$(ARCHS_STANDARD_INCLUDING_64_BIT)";
				CLANG_CXX_LANGUAGE_STANDARD = "gnu++0x";
				CLANG_CXX_LIBRARY = "libc++";
				CLANG_ENABLE_MODULES = YES;
				CLANG_ENABLE_OBJC_ARC = YES;
				CLANG_WARN_BOOL_CONVERSION = YES;
				CLANG_WARN_CONSTANT_CONVERSION = YES;
				CLANG_WARN_DIRECT_OBJC_ISA_USAGE = YES_ERROR;
				CLANG_WARN_EMPTY_BODY = YES;
				CLANG_WARN_ENUM_CONVERSION = YES;
				CLANG_WARN_INT_CONVERSION = YES;
				CLANG_WARN_OBJC_ROOT_CLASS = YES_ERROR;
				CLANG_WARN__DUPLICATE_METHOD_MATCH = YES;
				"CODE_SIGN_IDENTITY[sdk=iphoneos*]" = "iPhone Developer";
				COPY_PHASE_STRIP = YES;
				ENABLE_NS_ASSERTIONS = NO;
				GCC_C_LANGUAGE_STANDARD = gnu99;
				GCC_WARN_64_TO_32_BIT_CONVERSION = YES;
				GCC_WARN_ABOUT_RETURN_TYPE = YES_ERROR;
				GCC_WARN_UNDECLARED_SELECTOR = YES;
				GCC_WARN_UNINITIALIZED_AUTOS = YES;
				GCC_WARN_UNUSED_FUNCTION = YES;
				GCC_WARN_UNUSED_VARIABLE = YES;
				IPHONEOS_DEPLOYMENT_TARGET = 7.0;
				SDKROOT = iphoneos;
				TARGETED_DEVICE_FAMILY = "1,2";
				VALIDATE_PRODUCT = YES;
			};
			name = Release;
		};
		96D327AF18942CB9001E9F40 /* Debug */ = {
			isa = XCBuildConfiguration;
			buildSettings = {
				ASSETCATALOG_COMPILER_APPICON_NAME = AppIcon;
				ASSETCATALOG_COMPILER_LAUNCHIMAGE_NAME = LaunchImage;
				FRAMEWORK_SEARCH_PATHS = (
					"$(inherited)",
					"/Users/andreasbinnewies/Development/baliproject/demos/live-mockup/Frameworks",
				);
				GCC_PRECOMPILE_PREFIX_HEADER = YES;
				GCC_PREFIX_HEADER = "live-mockup/live-mockup-Prefix.pch";
				INFOPLIST_FILE = "live-mockup/live-mockup-Info.plist";
				PRODUCT_NAME = "$(TARGET_NAME)";
				WRAPPER_EXTENSION = app;
			};
			name = Debug;
		};
		96D327B018942CB9001E9F40 /* Release */ = {
			isa = XCBuildConfiguration;
			buildSettings = {
				ASSETCATALOG_COMPILER_APPICON_NAME = AppIcon;
				ASSETCATALOG_COMPILER_LAUNCHIMAGE_NAME = LaunchImage;
				FRAMEWORK_SEARCH_PATHS = (
					"$(inherited)",
					"/Users/andreasbinnewies/Development/baliproject/demos/live-mockup/Frameworks",
				);
				GCC_PRECOMPILE_PREFIX_HEADER = YES;
				GCC_PREFIX_HEADER = "live-mockup/live-mockup-Prefix.pch";
				INFOPLIST_FILE = "live-mockup/live-mockup-Info.plist";
				PRODUCT_NAME = "$(TARGET_NAME)";
				WRAPPER_EXTENSION = app;
			};
			name = Release;
		};
		96D327B218942CB9001E9F40 /* Debug */ = {
			isa = XCBuildConfiguration;
			buildSettings = {
				ARCHS = "$(ARCHS_STANDARD_INCLUDING_64_BIT)";
				BUNDLE_LOADER = "$(BUILT_PRODUCTS_DIR)/live-mockup.app/live-mockup";
				FRAMEWORK_SEARCH_PATHS = (
					"$(SDKROOT)/Developer/Library/Frameworks",
					"$(inherited)",
					"$(DEVELOPER_FRAMEWORKS_DIR)",
				);
				GCC_PRECOMPILE_PREFIX_HEADER = YES;
				GCC_PREFIX_HEADER = "live-mockup/live-mockup-Prefix.pch";
				GCC_PREPROCESSOR_DEFINITIONS = (
					"DEBUG=1",
					"$(inherited)",
				);
				INFOPLIST_FILE = "live-mockupTests/live-mockupTests-Info.plist";
				PRODUCT_NAME = "$(TARGET_NAME)";
				TEST_HOST = "$(BUNDLE_LOADER)";
				WRAPPER_EXTENSION = xctest;
			};
			name = Debug;
		};
		96D327B318942CB9001E9F40 /* Release */ = {
			isa = XCBuildConfiguration;
			buildSettings = {
				ARCHS = "$(ARCHS_STANDARD_INCLUDING_64_BIT)";
				BUNDLE_LOADER = "$(BUILT_PRODUCTS_DIR)/live-mockup.app/live-mockup";
				FRAMEWORK_SEARCH_PATHS = (
					"$(SDKROOT)/Developer/Library/Frameworks",
					"$(inherited)",
					"$(DEVELOPER_FRAMEWORKS_DIR)",
				);
				GCC_PRECOMPILE_PREFIX_HEADER = YES;
				GCC_PREFIX_HEADER = "live-mockup/live-mockup-Prefix.pch";
				INFOPLIST_FILE = "live-mockupTests/live-mockupTests-Info.plist";
				PRODUCT_NAME = "$(TARGET_NAME)";
				TEST_HOST = "$(BUNDLE_LOADER)";
				WRAPPER_EXTENSION = xctest;
			};
			name = Release;
		};
/* End XCBuildConfiguration section */

/* Begin XCConfigurationList section */
		96D3277D18942CB8001E9F40 /* Build configuration list for PBXProject "live mockup" */ = {
			isa = XCConfigurationList;
			buildConfigurations = (
				96D327AC18942CB9001E9F40 /* Debug */,
				96D327AD18942CB9001E9F40 /* Release */,
			);
			defaultConfigurationIsVisible = 0;
			defaultConfigurationName = Release;
		};
		96D327AE18942CB9001E9F40 /* Build configuration list for PBXNativeTarget "live-mockup" */ = {
			isa = XCConfigurationList;
			buildConfigurations = (
				96D327AF18942CB9001E9F40 /* Debug */,
				96D327B018942CB9001E9F40 /* Release */,
			);
			defaultConfigurationIsVisible = 0;
			defaultConfigurationName = Release;
		};
		96D327B118942CB9001E9F40 /* Build configuration list for PBXNativeTarget "live-mockupTests" */ = {
			isa = XCConfigurationList;
			buildConfigurations = (
				96D327B218942CB9001E9F40 /* Debug */,
				96D327B318942CB9001E9F40 /* Release */,
			);
			defaultConfigurationIsVisible = 0;
			defaultConfigurationName = Release;
		};
/* End XCConfigurationList section */
	};
	rootObject = 96D3277A18942CB8001E9F40 /* Project object */;
}
